// !$*UTF8*$!
{
	archiveVersion = 1;
	classes = {
	};
	objectVersion = 46;
	objects = {

/* Begin PBXBuildFile section */
		F6177C441E2FCEE7003AA7D2 /* Main.storyboard in Resources */ = {isa = PBXBuildFile; fileRef = F6177C421E2FCEE7003AA7D2 /* Main.storyboard */; };
		F6177C491E2FCEE7003AA7D2 /* LaunchScreen.storyboard in Resources */ = {isa = PBXBuildFile; fileRef = F6177C471E2FCEE7003AA7D2 /* LaunchScreen.storyboard */; };
		F6B3882C1E37C46B0095C412 /* AppDelegate.swift in Sources */ = {isa = PBXBuildFile; fileRef = F6B388261E37C46B0095C412 /* AppDelegate.swift */; };
		F6B3882D1E37C46B0095C412 /* Assets.xcassets in Resources */ = {isa = PBXBuildFile; fileRef = F6B388271E37C46B0095C412 /* Assets.xcassets */; };
		F6B3882E1E37C46B0095C412 /* Base.lproj in Resources */ = {isa = PBXBuildFile; fileRef = F6B388281E37C46B0095C412 /* Base.lproj */; };
		F6B3882F1E37C46B0095C412 /* DetailViewController.swift in Sources */ = {isa = PBXBuildFile; fileRef = F6B388291E37C46B0095C412 /* DetailViewController.swift */; };
		F6B388301E37C46B0095C412 /* Info.plist in Resources */ = {isa = PBXBuildFile; fileRef = F6B3882A1E37C46B0095C412 /* Info.plist */; };
		F6B388311E37C46B0095C412 /* MasterViewController.swift in Sources */ = {isa = PBXBuildFile; fileRef = F6B3882B1E37C46B0095C412 /* MasterViewController.swift */; };
		F6D311581E38FEBC002E22CF /* Unobtrusive.framework in Frameworks */ = {isa = PBXBuildFile; fileRef = F6D311571E38FEBC002E22CF /* Unobtrusive.framework */; };
/* End PBXBuildFile section */

/* Begin PBXFileReference section */
		F6177C391E2FCEE7003AA7D2 /* UnobtrusiveDemo.app */ = {isa = PBXFileReference; explicitFileType = wrapper.application; includeInIndex = 0; path = UnobtrusiveDemo.app; sourceTree = BUILT_PRODUCTS_DIR; };
		F6177C431E2FCEE7003AA7D2 /* Base */ = {isa = PBXFileReference; lastKnownFileType = file.storyboard; name = Base; path = Base.lproj/Main.storyboard; sourceTree = "<group>"; };
		F6177C481E2FCEE7003AA7D2 /* Base */ = {isa = PBXFileReference; lastKnownFileType = file.storyboard; name = Base; path = Base.lproj/LaunchScreen.storyboard; sourceTree = "<group>"; };
		F69C7E4B1E38FB560088A966 /* Unobtrusive.framework */ = {isa = PBXFileReference; lastKnownFileType = wrapper.framework; name = Unobtrusive.framework; path = "../Unobtrusive/build/Debug-iphoneos/Unobtrusive.framework"; sourceTree = "<group>"; };
		F6B388221E37C0680095C412 /* UnobtrusiveNotification.framework */ = {isa = PBXFileReference; lastKnownFileType = wrapper.framework; name = UnobtrusiveNotification.framework; path = "../../Library/Developer/Xcode/DerivedData/UnobtrusiveDemo-bdenaiddmqzzjdcofkgmlbyokrtb/Build/Products/Debug-iphoneos/UnobtrusiveNotification.framework"; sourceTree = "<group>"; };
		F6B388261E37C46B0095C412 /* AppDelegate.swift */ = {isa = PBXFileReference; fileEncoding = 4; lastKnownFileType = sourcecode.swift; path = AppDelegate.swift; sourceTree = "<group>"; };
		F6B388271E37C46B0095C412 /* Assets.xcassets */ = {isa = PBXFileReference; lastKnownFileType = folder.assetcatalog; path = Assets.xcassets; sourceTree = "<group>"; };
		F6B388281E37C46B0095C412 /* Base.lproj */ = {isa = PBXFileReference; lastKnownFileType = folder; path = Base.lproj; sourceTree = "<group>"; };
		F6B388291E37C46B0095C412 /* DetailViewController.swift */ = {isa = PBXFileReference; fileEncoding = 4; lastKnownFileType = sourcecode.swift; path = DetailViewController.swift; sourceTree = "<group>"; };
		F6B3882A1E37C46B0095C412 /* Info.plist */ = {isa = PBXFileReference; fileEncoding = 4; lastKnownFileType = text.plist.xml; path = Info.plist; sourceTree = "<group>"; };
		F6B3882B1E37C46B0095C412 /* MasterViewController.swift */ = {isa = PBXFileReference; fileEncoding = 4; lastKnownFileType = sourcecode.swift; path = MasterViewController.swift; sourceTree = "<group>"; };
		F6D311571E38FEBC002E22CF /* Unobtrusive.framework */ = {isa = PBXFileReference; lastKnownFileType = wrapper.framework; name = Unobtrusive.framework; path = "../../../Library/Developer/Xcode/DerivedData/Unobtrusive-helsexquvvwpzgdkwkxrdzvbtadd/Build/Products/Debug-iphonesimulator/Unobtrusive.framework"; sourceTree = "<group>"; };
/* End PBXFileReference section */

/* Begin PBXFrameworksBuildPhase section */
		F6177C361E2FCEE7003AA7D2 /* Frameworks */ = {
			isa = PBXFrameworksBuildPhase;
			buildActionMask = 2147483647;
			files = (
				F6D311581E38FEBC002E22CF /* Unobtrusive.framework in Frameworks */,
			);
			runOnlyForDeploymentPostprocessing = 0;
		};
/* End PBXFrameworksBuildPhase section */

/* Begin PBXGroup section */
		F6177C301E2FCEE7003AA7D2 = {
			isa = PBXGroup;
			children = (
				F6177C3B1E2FCEE7003AA7D2 /* UnobtrusiveDemo */,
				F6177C3A1E2FCEE7003AA7D2 /* Products */,
				F6B388211E37C0670095C412 /* Frameworks */,
			);
			sourceTree = "<group>";
		};
		F6177C3A1E2FCEE7003AA7D2 /* Products */ = {
			isa = PBXGroup;
			children = (
				F6177C391E2FCEE7003AA7D2 /* UnobtrusiveDemo.app */,
			);
			name = Products;
			sourceTree = "<group>";
		};
		F6177C3B1E2FCEE7003AA7D2 /* UnobtrusiveDemo */ = {
			isa = PBXGroup;
			children = (
				F6B388261E37C46B0095C412 /* AppDelegate.swift */,
				F6B388271E37C46B0095C412 /* Assets.xcassets */,
				F6B388281E37C46B0095C412 /* Base.lproj */,
				F6B388291E37C46B0095C412 /* DetailViewController.swift */,
				F6B3882A1E37C46B0095C412 /* Info.plist */,
				F6B3882B1E37C46B0095C412 /* MasterViewController.swift */,
				F6177C421E2FCEE7003AA7D2 /* Main.storyboard */,
				F6177C471E2FCEE7003AA7D2 /* LaunchScreen.storyboard */,
			);
			path = UnobtrusiveDemo;
			sourceTree = "<group>";
		};
		F6B388211E37C0670095C412 /* Frameworks */ = {
			isa = PBXGroup;
			children = (
				F6D311571E38FEBC002E22CF /* Unobtrusive.framework */,
				F69C7E4B1E38FB560088A966 /* Unobtrusive.framework */,
				F6B388221E37C0680095C412 /* UnobtrusiveNotification.framework */,
			);
			name = Frameworks;
			sourceTree = "<group>";
		};
/* End PBXGroup section */

/* Begin PBXNativeTarget section */
		F6177C381E2FCEE7003AA7D2 /* UnobtrusiveDemo */ = {
			isa = PBXNativeTarget;
			buildConfigurationList = F6177C4D1E2FCEE7003AA7D2 /* Build configuration list for PBXNativeTarget "UnobtrusiveDemo" */;
			buildPhases = (
				F6177C351E2FCEE7003AA7D2 /* Sources */,
				F6177C361E2FCEE7003AA7D2 /* Frameworks */,
				F6177C371E2FCEE7003AA7D2 /* Resources */,
			);
			buildRules = (
			);
			dependencies = (
			);
			name = UnobtrusiveDemo;
			productName = UnobtrusivePrompt;
			productReference = F6177C391E2FCEE7003AA7D2 /* UnobtrusiveDemo.app */;
			productType = "com.apple.product-type.application";
		};
/* End PBXNativeTarget section */

/* Begin PBXProject section */
		F6177C311E2FCEE7003AA7D2 /* Project object */ = {
			isa = PBXProject;
			attributes = {
				LastSwiftUpdateCheck = 0820;
				LastUpgradeCheck = 0820;
				ORGANIZATIONNAME = "Lewis Makes Apps";
				TargetAttributes = {
					F6177C381E2FCEE7003AA7D2 = {
						CreatedOnToolsVersion = 8.2.1;
						DevelopmentTeam = C6QCX9NZVG;
						ProvisioningStyle = Automatic;
					};
				};
			};
			buildConfigurationList = F6177C341E2FCEE7003AA7D2 /* Build configuration list for PBXProject "UnobtrusiveDemo" */;
			compatibilityVersion = "Xcode 3.2";
			developmentRegion = English;
			hasScannedForEncodings = 0;
			knownRegions = (
				en,
				Base,
			);
			mainGroup = F6177C301E2FCEE7003AA7D2;
			productRefGroup = F6177C3A1E2FCEE7003AA7D2 /* Products */;
			projectDirPath = "";
			projectRoot = "";
			targets = (
				F6177C381E2FCEE7003AA7D2 /* UnobtrusiveDemo */,
			);
		};
/* End PBXProject section */

/* Begin PBXResourcesBuildPhase section */
		F6177C371E2FCEE7003AA7D2 /* Resources */ = {
			isa = PBXResourcesBuildPhase;
			buildActionMask = 2147483647;
			files = (
				F6177C491E2FCEE7003AA7D2 /* LaunchScreen.storyboard in Resources */,
				F6177C441E2FCEE7003AA7D2 /* Main.storyboard in Resources */,
				F6B3882E1E37C46B0095C412 /* Base.lproj in Resources */,
				F6B3882D1E37C46B0095C412 /* Assets.xcassets in Resources */,
				F6B388301E37C46B0095C412 /* Info.plist in Resources */,
			);
			runOnlyForDeploymentPostprocessing = 0;
		};
/* End PBXResourcesBuildPhase section */

/* Begin PBXSourcesBuildPhase section */
		F6177C351E2FCEE7003AA7D2 /* Sources */ = {
			isa = PBXSourcesBuildPhase;
			buildActionMask = 2147483647;
			files = (
				F6B3882C1E37C46B0095C412 /* AppDelegate.swift in Sources */,
				F6B388311E37C46B0095C412 /* MasterViewController.swift in Sources */,
				F6B3882F1E37C46B0095C412 /* DetailViewController.swift in Sources */,
			);
			runOnlyForDeploymentPostprocessing = 0;
		};
/* End PBXSourcesBuildPhase section */

/* Begin PBXVariantGroup section */
		F6177C421E2FCEE7003AA7D2 /* Main.storyboard */ = {
			isa = PBXVariantGroup;
			children = (
				F6177C431E2FCEE7003AA7D2 /* Base */,
			);
			name = Main.storyboard;
			sourceTree = "<group>";
		};
		F6177C471E2FCEE7003AA7D2 /* LaunchScreen.storyboard */ = {
			isa = PBXVariantGroup;
			children = (
				F6177C481E2FCEE7003AA7D2 /* Base */,
			);
			name = LaunchScreen.storyboard;
			sourceTree = "<group>";
		};
/* End PBXVariantGroup section */

/* Begin XCBuildConfiguration section */
		F6177C4B1E2FCEE7003AA7D2 /* Debug */ = {
			isa = XCBuildConfiguration;
			buildSettings = {
				ALWAYS_SEARCH_USER_PATHS = NO;
				CLANG_ANALYZER_NONNULL = YES;
				CLANG_CXX_LANGUAGE_STANDARD = "gnu++0x";
				CLANG_CXX_LIBRARY = "libc++";
				CLANG_ENABLE_MODULES = YES;
				CLANG_ENABLE_OBJC_ARC = YES;
				CLANG_WARN_BOOL_CONVERSION = YES;
				CLANG_WARN_CONSTANT_CONVERSION = YES;
				CLANG_WARN_DIRECT_OBJC_ISA_USAGE = YES_ERROR;
				CLANG_WARN_DOCUMENTATION_COMMENTS = YES;
				CLANG_WARN_EMPTY_BODY = YES;
				CLANG_WARN_ENUM_CONVERSION = YES;
				CLANG_WARN_INFINITE_RECURSION = YES;
				CLANG_WARN_INT_CONVERSION = YES;
				CLANG_WARN_OBJC_ROOT_CLASS = YES_ERROR;
				CLANG_WARN_SUSPICIOUS_MOVE = YES;
				CLANG_WARN_UNREACHABLE_CODE = YES;
				CLANG_WARN__DUPLICATE_METHOD_MATCH = YES;
				"CODE_SIGN_IDENTITY[sdk=iphoneos*]" = "iPhone Developer";
				COPY_PHASE_STRIP = NO;
				DEBUG_INFORMATION_FORMAT = dwarf;
				ENABLE_STRICT_OBJC_MSGSEND = YES;
				ENABLE_TESTABILITY = YES;
				GCC_C_LANGUAGE_STANDARD = gnu99;
				GCC_DYNAMIC_NO_PIC = NO;
				GCC_NO_COMMON_BLOCKS = YES;
				GCC_OPTIMIZATION_LEVEL = 0;
				GCC_PREPROCESSOR_DEFINITIONS = (
					"DEBUG=1",
					"$(inherited)",
				);
				GCC_WARN_64_TO_32_BIT_CONVERSION = YES;
				GCC_WARN_ABOUT_RETURN_TYPE = YES_ERROR;
				GCC_WARN_UNDECLARED_SELECTOR = YES;
				GCC_WARN_UNINITIALIZED_AUTOS = YES_AGGRESSIVE;
				GCC_WARN_UNUSED_FUNCTION = YES;
				GCC_WARN_UNUSED_VARIABLE = YES;
				IPHONEOS_DEPLOYMENT_TARGET = 10.2;
				MTL_ENABLE_DEBUG_INFO = YES;
				ONLY_ACTIVE_ARCH = YES;
				SDKROOT = iphoneos;
				SWIFT_ACTIVE_COMPILATION_CONDITIONS = DEBUG;
				SWIFT_OPTIMIZATION_LEVEL = "-Onone";
				TARGETED_DEVICE_FAMILY = "1,2";
			};
			name = Debug;
		};
		F6177C4C1E2FCEE7003AA7D2 /* Release */ = {
			isa = XCBuildConfiguration;
			buildSettings = {
				ALWAYS_SEARCH_USER_PATHS = NO;
				CLANG_ANALYZER_NONNULL = YES;
				CLANG_CXX_LANGUAGE_STANDARD = "gnu++0x";
				CLANG_CXX_LIBRARY = "libc++";
				CLANG_ENABLE_MODULES = YES;
				CLANG_ENABLE_OBJC_ARC = YES;
				CLANG_WARN_BOOL_CONVERSION = YES;
				CLANG_WARN_CONSTANT_CONVERSION = YES;
				CLANG_WARN_DIRECT_OBJC_ISA_USAGE = YES_ERROR;
				CLANG_WARN_DOCUMENTATION_COMMENTS = YES;
				CLANG_WARN_EMPTY_BODY = YES;
				CLANG_WARN_ENUM_CONVERSION = YES;
				CLANG_WARN_INFINITE_RECURSION = YES;
				CLANG_WARN_INT_CONVERSION = YES;
				CLANG_WARN_OBJC_ROOT_CLASS = YES_ERROR;
				CLANG_WARN_SUSPICIOUS_MOVE = YES;
				CLANG_WARN_UNREACHABLE_CODE = YES;
				CLANG_WARN__DUPLICATE_METHOD_MATCH = YES;
				"CODE_SIGN_IDENTITY[sdk=iphoneos*]" = "iPhone Developer";
				COPY_PHASE_STRIP = NO;
				DEBUG_INFORMATION_FORMAT = "dwarf-with-dsym";
				ENABLE_NS_ASSERTIONS = NO;
				ENABLE_STRICT_OBJC_MSGSEND = YES;
				GCC_C_LANGUAGE_STANDARD = gnu99;
				GCC_NO_COMMON_BLOCKS = YES;
				GCC_WARN_64_TO_32_BIT_CONVERSION = YES;
				GCC_WARN_ABOUT_RETURN_TYPE = YES_ERROR;
				GCC_WARN_UNDECLARED_SELECTOR = YES;
				GCC_WARN_UNINITIALIZED_AUTOS = YES_AGGRESSIVE;
				GCC_WARN_UNUSED_FUNCTION = YES;
				GCC_WARN_UNUSED_VARIABLE = YES;
				IPHONEOS_DEPLOYMENT_TARGET = 10.2;
				MTL_ENABLE_DEBUG_INFO = NO;
				SDKROOT = iphoneos;
				SWIFT_OPTIMIZATION_LEVEL = "-Owholemodule";
				TARGETED_DEVICE_FAMILY = "1,2";
				VALIDATE_PRODUCT = YES;
			};
			name = Release;
		};
		F6177C4E1E2FCEE7003AA7D2 /* Debug */ = {
			isa = XCBuildConfiguration;
			buildSettings = {
				ASSETCATALOG_COMPILER_APPICON_NAME = AppIcon;
				DEVELOPMENT_TEAM = C6QCX9NZVG;
				INFOPLIST_FILE = "$(SRCROOT)/UnobtrusiveDemo/Info.plist";
				LD_RUNPATH_SEARCH_PATHS = "$(inherited) @executable_path/Frameworks";
				PRODUCT_BUNDLE_IDENTIFIER = com.lasmit.UnobtrusivePrompt;
				PRODUCT_NAME = "$(TARGET_NAME)";
				SWIFT_VERSION = 3.0;
			};
			name = Debug;
		};
		F6177C4F1E2FCEE7003AA7D2 /* Release */ = {
			isa = XCBuildConfiguration;
			buildSettings = {
				ASSETCATALOG_COMPILER_APPICON_NAME = AppIcon;
				DEVELOPMENT_TEAM = C6QCX9NZVG;
				INFOPLIST_FILE = "$(SRCROOT)/UnobtrusiveDemo/Info.plist";
				LD_RUNPATH_SEARCH_PATHS = "$(inherited) @executable_path/Frameworks";
				PRODUCT_BUNDLE_IDENTIFIER = com.lasmit.UnobtrusivePrompt;
				PRODUCT_NAME = "$(TARGET_NAME)";
				SWIFT_VERSION = 3.0;
			};
			name = Release;
		};
/* End XCBuildConfiguration section */

/* Begin XCConfigurationList section */
		F6177C341E2FCEE7003AA7D2 /* Build configuration list for PBXProject "UnobtrusiveDemo" */ = {
			isa = XCConfigurationList;
			buildConfigurations = (
				F6177C4B1E2FCEE7003AA7D2 /* Debug */,
				F6177C4C1E2FCEE7003AA7D2 /* Release */,
			);
			defaultConfigurationIsVisible = 0;
			defaultConfigurationName = Release;
		};
		F6177C4D1E2FCEE7003AA7D2 /* Build configuration list for PBXNativeTarget "UnobtrusiveDemo" */ = {
			isa = XCConfigurationList;
			buildConfigurations = (
				F6177C4E1E2FCEE7003AA7D2 /* Debug */,
				F6177C4F1E2FCEE7003AA7D2 /* Release */,
			);
			defaultConfigurationIsVisible = 0;
			defaultConfigurationName = Release;
		};
/* End XCConfigurationList section */
	};
	rootObject = F6177C311E2FCEE7003AA7D2 /* Project object */;
}
